
Microsoft Visual Studio Solution File, Format Version 12.00
# Visual Studio Version 17
VisualStudioVersion = 17.13.35931.197 d17.13
MinimumVisualStudioVersion = 10.0.40219.1
Project("{FAE04EC0-301F-11D3-BF4B-00C04F79EFBC}") = "Proyecto_IO_Sandwich", "Proyecto_IO_Sandwich\Proyecto_IO_Sandwich.csproj", "{38CCE2CB-B7F6-4C06-9CBD-77D83A675791}"
EndProject
Project("{2150E333-8FDC-42A3-9474-1A3956D46DE8}") = "guia proyecto", "guia proyecto", "{02EA681E-C7D8-13C7-8484-4AC65E1B71E8}"
EndProject
Project("{FAE04EC0-301F-11D3-BF4B-00C04F79EFBC}") = "Proyecto Muebleria y Hogar", "guia proyecto\Muebles-y-Hogar-S.A-master\Proyecto Muebleria y Hogar.csproj", "{2736563E-A8CF-B605-D23E-5B16851D47DF}"
EndProject
Global
	GlobalSection(SolutionConfigurationPlatforms) = preSolution
		Debug|Any CPU = Debug|Any CPU
		Release|Any CPU = Release|Any CPU
	EndGlobalSection
	GlobalSection(ProjectConfigurationPlatforms) = postSolution
		{38CCE2CB-B7F6-4C06-9CBD-77D83A675791}.Debug|Any CPU.ActiveCfg = Debug|Any CPU
		{38CCE2CB-B7F6-4C06-9CBD-77D83A675791}.Debug|Any CPU.Build.0 = Debug|Any CPU
		{38CCE2CB-B7F6-4C06-9CBD-77D83A675791}.Release|Any CPU.ActiveCfg = Release|Any CPU
		{38CCE2CB-B7F6-4C06-9CBD-77D83A675791}.Release|Any CPU.Build.0 = Release|Any CPU
		{2736563E-A8CF-B605-D23E-5B16851D47DF}.Debug|Any CPU.ActiveCfg = Debug|Any CPU
		{2736563E-A8CF-B605-D23E-5B16851D47DF}.Debug|Any CPU.Build.0 = Debug|Any CPU
		{2736563E-A8CF-B605-D23E-5B16851D47DF}.Release|Any CPU.ActiveCfg = Release|Any CPU
		{2736563E-A8CF-B605-D23E-5B16851D47DF}.Release|Any CPU.Build.0 = Release|Any CPU
	EndGlobalSection
	GlobalSection(SolutionProperties) = preSolution
		HideSolutionNode = FALSE
	EndGlobalSection
	GlobalSection(NestedProjects) = preSolution
		{2736563E-A8CF-B605-D23E-5B16851D47DF} = {02EA681E-C7D8-13C7-8484-4AC65E1B71E8}
	EndGlobalSection
	GlobalSection(ExtensibilityGlobals) = postSolution
		SolutionGuid = {894454E9-10C2-4DC3-B176-B3F0F4346710}
	EndGlobalSection
EndGlobal
